// !$*UTF8*$!
{
	archiveVersion = 1;
	classes = {
	};
	objectVersion = 46;
	objects = {

/* Begin PBXBuildFile section */
		51B1862D1C1EA97300D7FEEC /* HttpRequest.m in Sources */ = {isa = PBXBuildFile; fileRef = 51B1862A1C1EA97300D7FEEC /* HttpRequest.m */; settings = {ASSET_TAGS = (); }; };
		51B1862E1C1EA97300D7FEEC /* HttpRequestElement.m in Sources */ = {isa = PBXBuildFile; fileRef = 51B1862C1C1EA97300D7FEEC /* HttpRequestElement.m */; settings = {ASSET_TAGS = (); }; };
		51B186331C1EA98B00D7FEEC /* PresentTableViewController.m in Sources */ = {isa = PBXBuildFile; fileRef = 51B186301C1EA98B00D7FEEC /* PresentTableViewController.m */; settings = {ASSET_TAGS = (); }; };
		51B186371C1EA9C400D7FEEC /* ViewController.m in Sources */ = {isa = PBXBuildFile; fileRef = 51B186361C1EA9C400D7FEEC /* ViewController.m */; settings = {ASSET_TAGS = (); }; };
		51B1863A1C1EA9DD00D7FEEC /* CountDownViewController.m in Sources */ = {isa = PBXBuildFile; fileRef = 51B186391C1EA9DD00D7FEEC /* CountDownViewController.m */; settings = {ASSET_TAGS = (); }; };
		51DFF1E61C1D607A00EF0AED /* main.m in Sources */ = {isa = PBXBuildFile; fileRef = 51DFF1E51C1D607A00EF0AED /* main.m */; };
		51DFF1E91C1D607A00EF0AED /* AppDelegate.m in Sources */ = {isa = PBXBuildFile; fileRef = 51DFF1E81C1D607A00EF0AED /* AppDelegate.m */; };
		51DFF1EF1C1D607A00EF0AED /* Main.storyboard in Resources */ = {isa = PBXBuildFile; fileRef = 51DFF1ED1C1D607A00EF0AED /* Main.storyboard */; };
		51DFF1F21C1D607A00EF0AED /* WeblinkDemo.xcdatamodeld in Sources */ = {isa = PBXBuildFile; fileRef = 51DFF1F01C1D607A00EF0AED /* WeblinkDemo.xcdatamodeld */; };
		51DFF1F41C1D607A00EF0AED /* Assets.xcassets in Resources */ = {isa = PBXBuildFile; fileRef = 51DFF1F31C1D607A00EF0AED /* Assets.xcassets */; };
		51DFF1F71C1D607A00EF0AED /* LaunchScreen.storyboard in Resources */ = {isa = PBXBuildFile; fileRef = 51DFF1F51C1D607A00EF0AED /* LaunchScreen.storyboard */; };
		51DFF2021C1D607A00EF0AED /* WeblinkDemoTests.m in Sources */ = {isa = PBXBuildFile; fileRef = 51DFF2011C1D607A00EF0AED /* WeblinkDemoTests.m */; };
		51DFF20D1C1D607A00EF0AED /* WeblinkDemoUITests.m in Sources */ = {isa = PBXBuildFile; fileRef = 51DFF20C1C1D607A00EF0AED /* WeblinkDemoUITests.m */; };
		51DFF2261C1D62F200EF0AED /* WebServiceManager.m in Sources */ = {isa = PBXBuildFile; fileRef = 51DFF2251C1D62F200EF0AED /* WebServiceManager.m */; settings = {ASSET_TAGS = (); }; };
		51DFF22B1C1D655200EF0AED /* TaskManager.m in Sources */ = {isa = PBXBuildFile; fileRef = 51DFF22A1C1D655200EF0AED /* TaskManager.m */; settings = {ASSET_TAGS = (); }; };
		51DFF22F1C1D793100EF0AED /* ParsingManager.m in Sources */ = {isa = PBXBuildFile; fileRef = 51DFF22E1C1D793100EF0AED /* ParsingManager.m */; settings = {ASSET_TAGS = (); }; };
		51DFF23B1C1D7CC800EF0AED /* BaseModel.m in Sources */ = {isa = PBXBuildFile; fileRef = 51DFF23A1C1D7CC800EF0AED /* BaseModel.m */; settings = {ASSET_TAGS = (); }; };
/* End PBXBuildFile section */

/* Begin PBXContainerItemProxy section */
		51DFF1FE1C1D607A00EF0AED /* PBXContainerItemProxy */ = {
			isa = PBXContainerItemProxy;
			containerPortal = 51DFF1D91C1D607A00EF0AED /* Project object */;
			proxyType = 1;
			remoteGlobalIDString = 51DFF1E01C1D607A00EF0AED;
			remoteInfo = WeblinkDemo;
		};
		51DFF2091C1D607A00EF0AED /* PBXContainerItemProxy */ = {
			isa = PBXContainerItemProxy;
			containerPortal = 51DFF1D91C1D607A00EF0AED /* Project object */;
			proxyType = 1;
			remoteGlobalIDString = 51DFF1E01C1D607A00EF0AED;
			remoteInfo = WeblinkDemo;
		};
/* End PBXContainerItemProxy section */

/* Begin PBXFileReference section */
		51B186291C1EA97300D7FEEC /* HttpRequest.h */ = {isa = PBXFileReference; fileEncoding = 4; lastKnownFileType = sourcecode.c.h; name = HttpRequest.h; path = WeblinkDemo/Manager/HttpRequest.h; sourceTree = SOURCE_ROOT; };
		51B1862A1C1EA97300D7FEEC /* HttpRequest.m */ = {isa = PBXFileReference; fileEncoding = 4; lastKnownFileType = sourcecode.c.objc; name = HttpRequest.m; path = WeblinkDemo/Manager/HttpRequest.m; sourceTree = SOURCE_ROOT; };
		51B1862B1C1EA97300D7FEEC /* HttpRequestElement.h */ = {isa = PBXFileReference; fileEncoding = 4; lastKnownFileType = sourcecode.c.h; name = HttpRequestElement.h; path = WeblinkDemo/Manager/HttpRequestElement.h; sourceTree = SOURCE_ROOT; };
		51B1862C1C1EA97300D7FEEC /* HttpRequestElement.m */ = {isa = PBXFileReference; fileEncoding = 4; lastKnownFileType = sourcecode.c.objc; name = HttpRequestElement.m; path = WeblinkDemo/Manager/HttpRequestElement.m; sourceTree = SOURCE_ROOT; };
		51B1862F1C1EA98B00D7FEEC /* PresentTableViewController.h */ = {isa = PBXFileReference; fileEncoding = 4; lastKnownFileType = sourcecode.c.h; name = PresentTableViewController.h; path = WeblinkDemo/PresentTableViewController.h; sourceTree = SOURCE_ROOT; };
		51B186301C1EA98B00D7FEEC /* PresentTableViewController.m */ = {isa = PBXFileReference; fileEncoding = 4; lastKnownFileType = sourcecode.c.objc; name = PresentTableViewController.m; path = WeblinkDemo/PresentTableViewController.m; sourceTree = SOURCE_ROOT; };
		51B186351C1EA9C400D7FEEC /* ViewController.h */ = {isa = PBXFileReference; fileEncoding = 4; lastKnownFileType = sourcecode.c.h; name = ViewController.h; path = WeblinkDemo/ViewController.h; sourceTree = SOURCE_ROOT; };
		51B186361C1EA9C400D7FEEC /* ViewController.m */ = {isa = PBXFileReference; fileEncoding = 4; lastKnownFileType = sourcecode.c.objc; name = ViewController.m; path = WeblinkDemo/ViewController.m; sourceTree = SOURCE_ROOT; };
		51B186381C1EA9DD00D7FEEC /* CountDownViewController.h */ = {isa = PBXFileReference; fileEncoding = 4; lastKnownFileType = sourcecode.c.h; name = CountDownViewController.h; path = WeblinkDemo/CountDownViewController.h; sourceTree = SOURCE_ROOT; };
		51B186391C1EA9DD00D7FEEC /* CountDownViewController.m */ = {isa = PBXFileReference; fileEncoding = 4; lastKnownFileType = sourcecode.c.objc; name = CountDownViewController.m; path = WeblinkDemo/CountDownViewController.m; sourceTree = SOURCE_ROOT; };
		51DFF1E11C1D607A00EF0AED /* WeblinkDemo.app */ = {isa = PBXFileReference; explicitFileType = wrapper.application; includeInIndex = 0; path = WeblinkDemo.app; sourceTree = BUILT_PRODUCTS_DIR; };
		51DFF1E51C1D607A00EF0AED /* main.m */ = {isa = PBXFileReference; lastKnownFileType = sourcecode.c.objc; path = main.m; sourceTree = "<group>"; };
		51DFF1E71C1D607A00EF0AED /* AppDelegate.h */ = {isa = PBXFileReference; lastKnownFileType = sourcecode.c.h; path = AppDelegate.h; sourceTree = "<group>"; };
		51DFF1E81C1D607A00EF0AED /* AppDelegate.m */ = {isa = PBXFileReference; lastKnownFileType = sourcecode.c.objc; path = AppDelegate.m; sourceTree = "<group>"; };
		51DFF1EE1C1D607A00EF0AED /* Base */ = {isa = PBXFileReference; lastKnownFileType = file.storyboard; name = Base; path = Base.lproj/Main.storyboard; sourceTree = "<group>"; };
		51DFF1F11C1D607A00EF0AED /* WeblinkDemo.xcdatamodel */ = {isa = PBXFileReference; lastKnownFileType = wrapper.xcdatamodel; path = WeblinkDemo.xcdatamodel; sourceTree = "<group>"; };
		51DFF1F31C1D607A00EF0AED /* Assets.xcassets */ = {isa = PBXFileReference; lastKnownFileType = folder.assetcatalog; path = Assets.xcassets; sourceTree = "<group>"; };
		51DFF1F61C1D607A00EF0AED /* Base */ = {isa = PBXFileReference; lastKnownFileType = file.storyboard; name = Base; path = Base.lproj/LaunchScreen.storyboard; sourceTree = "<group>"; };
		51DFF1F81C1D607A00EF0AED /* Info.plist */ = {isa = PBXFileReference; lastKnownFileType = text.plist.xml; path = Info.plist; sourceTree = "<group>"; };
		51DFF1FD1C1D607A00EF0AED /* WeblinkDemoTests.xctest */ = {isa = PBXFileReference; explicitFileType = wrapper.cfbundle; includeInIndex = 0; path = WeblinkDemoTests.xctest; sourceTree = BUILT_PRODUCTS_DIR; };
		51DFF2011C1D607A00EF0AED /* WeblinkDemoTests.m */ = {isa = PBXFileReference; lastKnownFileType = sourcecode.c.objc; path = WeblinkDemoTests.m; sourceTree = "<group>"; };
		51DFF2031C1D607A00EF0AED /* Info.plist */ = {isa = PBXFileReference; lastKnownFileType = text.plist.xml; path = Info.plist; sourceTree = "<group>"; };
		51DFF2081C1D607A00EF0AED /* WeblinkDemoUITests.xctest */ = {isa = PBXFileReference; explicitFileType = wrapper.cfbundle; includeInIndex = 0; path = WeblinkDemoUITests.xctest; sourceTree = BUILT_PRODUCTS_DIR; };
		51DFF20C1C1D607A00EF0AED /* WeblinkDemoUITests.m */ = {isa = PBXFileReference; lastKnownFileType = sourcecode.c.objc; path = WeblinkDemoUITests.m; sourceTree = "<group>"; };
		51DFF20E1C1D607A00EF0AED /* Info.plist */ = {isa = PBXFileReference; lastKnownFileType = text.plist.xml; path = Info.plist; sourceTree = "<group>"; };
		51DFF2241C1D62F200EF0AED /* WebServiceManager.h */ = {isa = PBXFileReference; fileEncoding = 4; lastKnownFileType = sourcecode.c.h; name = WebServiceManager.h; path = WeblinkDemo/Manager/WebServiceManager.h; sourceTree = SOURCE_ROOT; };
		51DFF2251C1D62F200EF0AED /* WebServiceManager.m */ = {isa = PBXFileReference; fileEncoding = 4; lastKnownFileType = sourcecode.c.objc; name = WebServiceManager.m; path = WeblinkDemo/Manager/WebServiceManager.m; sourceTree = SOURCE_ROOT; };
		51DFF2291C1D655200EF0AED /* TaskManager.h */ = {isa = PBXFileReference; fileEncoding = 4; lastKnownFileType = sourcecode.c.h; path = TaskManager.h; sourceTree = "<group>"; };
		51DFF22A1C1D655200EF0AED /* TaskManager.m */ = {isa = PBXFileReference; fileEncoding = 4; lastKnownFileType = sourcecode.c.objc; path = TaskManager.m; sourceTree = "<group>"; };
		51DFF22D1C1D793100EF0AED /* ParsingManager.h */ = {isa = PBXFileReference; fileEncoding = 4; lastKnownFileType = sourcecode.c.h; path = ParsingManager.h; sourceTree = "<group>"; };
		51DFF22E1C1D793100EF0AED /* ParsingManager.m */ = {isa = PBXFileReference; fileEncoding = 4; lastKnownFileType = sourcecode.c.objc; path = ParsingManager.m; sourceTree = "<group>"; };
		51DFF2391C1D7CC800EF0AED /* BaseModel.h */ = {isa = PBXFileReference; fileEncoding = 4; lastKnownFileType = sourcecode.c.h; path = BaseModel.h; sourceTree = "<group>"; };
		51DFF23A1C1D7CC800EF0AED /* BaseModel.m */ = {isa = PBXFileReference; fileEncoding = 4; lastKnownFileType = sourcecode.c.objc; path = BaseModel.m; sourceTree = "<group>"; };
/* End PBXFileReference section */

/* Begin PBXFrameworksBuildPhase section */
		51DFF1DE1C1D607A00EF0AED /* Frameworks */ = {
			isa = PBXFrameworksBuildPhase;
			buildActionMask = 2147483647;
			files = (
			);
			runOnlyForDeploymentPostprocessing = 0;
		};
		51DFF1FA1C1D607A00EF0AED /* Frameworks */ = {
			isa = PBXFrameworksBuildPhase;
			buildActionMask = 2147483647;
			files = (
			);
			runOnlyForDeploymentPostprocessing = 0;
		};
		51DFF2051C1D607A00EF0AED /* Frameworks */ = {
			isa = PBXFrameworksBuildPhase;
			buildActionMask = 2147483647;
			files = (
			);
			runOnlyForDeploymentPostprocessing = 0;
		};
/* End PBXFrameworksBuildPhase section */

/* Begin PBXGroup section */
		51DFF1D81C1D607A00EF0AED = {
			isa = PBXGroup;
			children = (
				51DFF1E31C1D607A00EF0AED /* WeblinkDemo */,
				51DFF2001C1D607A00EF0AED /* WeblinkDemoTests */,
				51DFF20B1C1D607A00EF0AED /* WeblinkDemoUITests */,
				51DFF1E21C1D607A00EF0AED /* Products */,
			);
			sourceTree = "<group>";
		};
		51DFF1E21C1D607A00EF0AED /* Products */ = {
			isa = PBXGroup;
			children = (
				51DFF1E11C1D607A00EF0AED /* WeblinkDemo.app */,
				51DFF1FD1C1D607A00EF0AED /* WeblinkDemoTests.xctest */,
				51DFF2081C1D607A00EF0AED /* WeblinkDemoUITests.xctest */,
			);
			name = Products;
			sourceTree = "<group>";
		};
		51DFF1E31C1D607A00EF0AED /* WeblinkDemo */ = {
			isa = PBXGroup;
			children = (
				51DFF23C1C1D7D2500EF0AED /* ViewController */,
				51DFF2381C1D7CC800EF0AED /* Model */,
				51DFF21D1C1D626B00EF0AED /* Manager */,
				51DFF1E71C1D607A00EF0AED /* AppDelegate.h */,
				51DFF1E81C1D607A00EF0AED /* AppDelegate.m */,
				51DFF1ED1C1D607A00EF0AED /* Main.storyboard */,
				51DFF1F31C1D607A00EF0AED /* Assets.xcassets */,
				51DFF1F51C1D607A00EF0AED /* LaunchScreen.storyboard */,
				51DFF1F81C1D607A00EF0AED /* Info.plist */,
				51DFF1F01C1D607A00EF0AED /* WeblinkDemo.xcdatamodeld */,
				51DFF1E41C1D607A00EF0AED /* Supporting Files */,
			);
			path = WeblinkDemo;
			sourceTree = "<group>";
		};
		51DFF1E41C1D607A00EF0AED /* Supporting Files */ = {
			isa = PBXGroup;
			children = (
				51DFF1E51C1D607A00EF0AED /* main.m */,
			);
			name = "Supporting Files";
			sourceTree = "<group>";
		};
		51DFF2001C1D607A00EF0AED /* WeblinkDemoTests */ = {
			isa = PBXGroup;
			children = (
				51DFF2011C1D607A00EF0AED /* WeblinkDemoTests.m */,
				51DFF2031C1D607A00EF0AED /* Info.plist */,
			);
			path = WeblinkDemoTests;
			sourceTree = "<group>";
		};
		51DFF20B1C1D607A00EF0AED /* WeblinkDemoUITests */ = {
			isa = PBXGroup;
			children = (
				51DFF20C1C1D607A00EF0AED /* WeblinkDemoUITests.m */,
				51DFF20E1C1D607A00EF0AED /* Info.plist */,
			);
			path = WeblinkDemoUITests;
			sourceTree = "<group>";
		};
		51DFF21D1C1D626B00EF0AED /* Manager */ = {
			isa = PBXGroup;
			children = (
				51DFF22C1C1D78FA00EF0AED /* ParsingManager */,
				51DFF2271C1D651300EF0AED /* TaskManager */,
				51DFF2281C1D651300EF0AED /* WebServiceManager */,
			);
			path = Manager;
			sourceTree = "<group>";
		};
		51DFF2271C1D651300EF0AED /* TaskManager */ = {
			isa = PBXGroup;
			children = (
				51DFF2291C1D655200EF0AED /* TaskManager.h */,
				51DFF22A1C1D655200EF0AED /* TaskManager.m */,
			);
			path = TaskManager;
			sourceTree = "<group>";
		};
		51DFF2281C1D651300EF0AED /* WebServiceManager */ = {
			isa = PBXGroup;
			children = (
				51B186291C1EA97300D7FEEC /* HttpRequest.h */,
				51B1862A1C1EA97300D7FEEC /* HttpRequest.m */,
				51B1862B1C1EA97300D7FEEC /* HttpRequestElement.h */,
				51B1862C1C1EA97300D7FEEC /* HttpRequestElement.m */,
				51DFF2241C1D62F200EF0AED /* WebServiceManager.h */,
				51DFF2251C1D62F200EF0AED /* WebServiceManager.m */,
			);
			path = WebServiceManager;
			sourceTree = "<group>";
		};
		51DFF22C1C1D78FA00EF0AED /* ParsingManager */ = {
			isa = PBXGroup;
			children = (
				51DFF22D1C1D793100EF0AED /* ParsingManager.h */,
				51DFF22E1C1D793100EF0AED /* ParsingManager.m */,
			);
			path = ParsingManager;
			sourceTree = "<group>";
		};
		51DFF2381C1D7CC800EF0AED /* Model */ = {
			isa = PBXGroup;
			children = (
				51DFF2391C1D7CC800EF0AED /* BaseModel.h */,
				51DFF23A1C1D7CC800EF0AED /* BaseModel.m */,
			);
			path = Model;
			sourceTree = "<group>";
		};
		51DFF23C1C1D7D2500EF0AED /* ViewController */ = {
			isa = PBXGroup;
			children = (
				51B1862F1C1EA98B00D7FEEC /* PresentTableViewController.h */,
				51B186301C1EA98B00D7FEEC /* PresentTableViewController.m */,
				51B186351C1EA9C400D7FEEC /* ViewController.h */,
				51B186361C1EA9C400D7FEEC /* ViewController.m */,
				51B186381C1EA9DD00D7FEEC /* CountDownViewController.h */,
				51B186391C1EA9DD00D7FEEC /* CountDownViewController.m */,
			);
			path = ViewController;
			sourceTree = "<group>";
		};
/* End PBXGroup section */

/* Begin PBXNativeTarget section */
		51DFF1E01C1D607A00EF0AED /* WeblinkDemo */ = {
			isa = PBXNativeTarget;
			buildConfigurationList = 51DFF2111C1D607A00EF0AED /* Build configuration list for PBXNativeTarget "WeblinkDemo" */;
			buildPhases = (
				51DFF1DD1C1D607A00EF0AED /* Sources */,
				51DFF1DE1C1D607A00EF0AED /* Frameworks */,
				51DFF1DF1C1D607A00EF0AED /* Resources */,
			);
			buildRules = (
			);
			dependencies = (
			);
			name = WeblinkDemo;
			productName = WeblinkDemo;
			productReference = 51DFF1E11C1D607A00EF0AED /* WeblinkDemo.app */;
			productType = "com.apple.product-type.application";
		};
		51DFF1FC1C1D607A00EF0AED /* WeblinkDemoTests */ = {
			isa = PBXNativeTarget;
			buildConfigurationList = 51DFF2141C1D607A00EF0AED /* Build configuration list for PBXNativeTarget "WeblinkDemoTests" */;
			buildPhases = (
				51DFF1F91C1D607A00EF0AED /* Sources */,
				51DFF1FA1C1D607A00EF0AED /* Frameworks */,
				51DFF1FB1C1D607A00EF0AED /* Resources */,
			);
			buildRules = (
			);
			dependencies = (
				51DFF1FF1C1D607A00EF0AED /* PBXTargetDependency */,
			);
			name = WeblinkDemoTests;
			productName = WeblinkDemoTests;
			productReference = 51DFF1FD1C1D607A00EF0AED /* WeblinkDemoTests.xctest */;
			productType = "com.apple.product-type.bundle.unit-test";
		};
		51DFF2071C1D607A00EF0AED /* WeblinkDemoUITests */ = {
			isa = PBXNativeTarget;
			buildConfigurationList = 51DFF2171C1D607A00EF0AED /* Build configuration list for PBXNativeTarget "WeblinkDemoUITests" */;
			buildPhases = (
				51DFF2041C1D607A00EF0AED /* Sources */,
				51DFF2051C1D607A00EF0AED /* Frameworks */,
				51DFF2061C1D607A00EF0AED /* Resources */,
			);
			buildRules = (
			);
			dependencies = (
				51DFF20A1C1D607A00EF0AED /* PBXTargetDependency */,
			);
			name = WeblinkDemoUITests;
			productName = WeblinkDemoUITests;
			productReference = 51DFF2081C1D607A00EF0AED /* WeblinkDemoUITests.xctest */;
			productType = "com.apple.product-type.bundle.ui-testing";
		};
/* End PBXNativeTarget section */

/* Begin PBXProject section */
		51DFF1D91C1D607A00EF0AED /* Project object */ = {
			isa = PBXProject;
			attributes = {
				LastUpgradeCheck = 0700;
				ORGANIZATIONNAME = InnovationM;
				TargetAttributes = {
					51DFF1E01C1D607A00EF0AED = {
						CreatedOnToolsVersion = 7.0;
					};
					51DFF1FC1C1D607A00EF0AED = {
						CreatedOnToolsVersion = 7.0;
						TestTargetID = 51DFF1E01C1D607A00EF0AED;
					};
					51DFF2071C1D607A00EF0AED = {
						CreatedOnToolsVersion = 7.0;
						TestTargetID = 51DFF1E01C1D607A00EF0AED;
					};
				};
			};
			buildConfigurationList = 51DFF1DC1C1D607A00EF0AED /* Build configuration list for PBXProject "WeblinkDemo" */;
			compatibilityVersion = "Xcode 3.2";
			developmentRegion = English;
			hasScannedForEncodings = 0;
			knownRegions = (
				en,
				Base,
			);
			mainGroup = 51DFF1D81C1D607A00EF0AED;
			productRefGroup = 51DFF1E21C1D607A00EF0AED /* Products */;
			projectDirPath = "";
			projectRoot = "";
			targets = (
				51DFF1E01C1D607A00EF0AED /* WeblinkDemo */,
				51DFF1FC1C1D607A00EF0AED /* WeblinkDemoTests */,
				51DFF2071C1D607A00EF0AED /* WeblinkDemoUITests */,
			);
		};
/* End PBXProject section */

/* Begin PBXResourcesBuildPhase section */
		51DFF1DF1C1D607A00EF0AED /* Resources */ = {
			isa = PBXResourcesBuildPhase;
			buildActionMask = 2147483647;
			files = (
				51DFF1F71C1D607A00EF0AED /* LaunchScreen.storyboard in Resources */,
				51DFF1F41C1D607A00EF0AED /* Assets.xcassets in Resources */,
				51DFF1EF1C1D607A00EF0AED /* Main.storyboard in Resources */,
			);
			runOnlyForDeploymentPostprocessing = 0;
		};
		51DFF1FB1C1D607A00EF0AED /* Resources */ = {
			isa = PBXResourcesBuildPhase;
			buildActionMask = 2147483647;
			files = (
			);
			runOnlyForDeploymentPostprocessing = 0;
		};
		51DFF2061C1D607A00EF0AED /* Resources */ = {
			isa = PBXResourcesBuildPhase;
			buildActionMask = 2147483647;
			files = (
			);
			runOnlyForDeploymentPostprocessing = 0;
		};
/* End PBXResourcesBuildPhase section */

/* Begin PBXSourcesBuildPhase section */
		51DFF1DD1C1D607A00EF0AED /* Sources */ = {
			isa = PBXSourcesBuildPhase;
			buildActionMask = 2147483647;
			files = (
				51DFF2261C1D62F200EF0AED /* WebServiceManager.m in Sources */,
				51B1862E1C1EA97300D7FEEC /* HttpRequestElement.m in Sources */,
				51B1862D1C1EA97300D7FEEC /* HttpRequest.m in Sources */,
				51B186331C1EA98B00D7FEEC /* PresentTableViewController.m in Sources */,
				51DFF22B1C1D655200EF0AED /* TaskManager.m in Sources */,
				51B186371C1EA9C400D7FEEC /* ViewController.m in Sources */,
				51DFF23B1C1D7CC800EF0AED /* BaseModel.m in Sources */,
				51DFF1F21C1D607A00EF0AED /* WeblinkDemo.xcdatamodeld in Sources */,
				51B1863A1C1EA9DD00D7FEEC /* CountDownViewController.m in Sources */,
				51DFF1E91C1D607A00EF0AED /* AppDelegate.m in Sources */,
				51DFF22F1C1D793100EF0AED /* ParsingManager.m in Sources */,
				51DFF1E61C1D607A00EF0AED /* main.m in Sources */,
			);
			runOnlyForDeploymentPostprocessing = 0;
		};
		51DFF1F91C1D607A00EF0AED /* Sources */ = {
			isa = PBXSourcesBuildPhase;
			buildActionMask = 2147483647;
			files = (
				51DFF2021C1D607A00EF0AED /* WeblinkDemoTests.m in Sources */,
			);
			runOnlyForDeploymentPostprocessing = 0;
		};
		51DFF2041C1D607A00EF0AED /* Sources */ = {
			isa = PBXSourcesBuildPhase;
			buildActionMask = 2147483647;
			files = (
				51DFF20D1C1D607A00EF0AED /* WeblinkDemoUITests.m in Sources */,
			);
			runOnlyForDeploymentPostprocessing = 0;
		};
/* End PBXSourcesBuildPhase section */

/* Begin PBXTargetDependency section */
		51DFF1FF1C1D607A00EF0AED /* PBXTargetDependency */ = {
			isa = PBXTargetDependency;
			target = 51DFF1E01C1D607A00EF0AED /* WeblinkDemo */;
			targetProxy = 51DFF1FE1C1D607A00EF0AED /* PBXContainerItemProxy */;
		};
		51DFF20A1C1D607A00EF0AED /* PBXTargetDependency */ = {
			isa = PBXTargetDependency;
			target = 51DFF1E01C1D607A00EF0AED /* WeblinkDemo */;
			targetProxy = 51DFF2091C1D607A00EF0AED /* PBXContainerItemProxy */;
		};
/* End PBXTargetDependency section */

/* Begin PBXVariantGroup section */
		51DFF1ED1C1D607A00EF0AED /* Main.storyboard */ = {
			isa = PBXVariantGroup;
			children = (
				51DFF1EE1C1D607A00EF0AED /* Base */,
			);
			name = Main.storyboard;
			sourceTree = "<group>";
		};
		51DFF1F51C1D607A00EF0AED /* LaunchScreen.storyboard */ = {
			isa = PBXVariantGroup;
			children = (
				51DFF1F61C1D607A00EF0AED /* Base */,
			);
			name = LaunchScreen.storyboard;
			sourceTree = "<group>";
		};
/* End PBXVariantGroup section */

/* Begin XCBuildConfiguration section */
		51DFF20F1C1D607A00EF0AED /* Debug */ = {
			isa = XCBuildConfiguration;
			buildSettings = {
				ALWAYS_SEARCH_USER_PATHS = NO;
				CLANG_CXX_LANGUAGE_STANDARD = "gnu++0x";
				CLANG_CXX_LIBRARY = "libc++";
				CLANG_ENABLE_MODULES = YES;
				CLANG_ENABLE_OBJC_ARC = YES;
				CLANG_WARN_BOOL_CONVERSION = YES;
				CLANG_WARN_CONSTANT_CONVERSION = YES;
				CLANG_WARN_DIRECT_OBJC_ISA_USAGE = YES_ERROR;
				CLANG_WARN_EMPTY_BODY = YES;
				CLANG_WARN_ENUM_CONVERSION = YES;
				CLANG_WARN_INT_CONVERSION = YES;
				CLANG_WARN_OBJC_ROOT_CLASS = YES_ERROR;
				CLANG_WARN_UNREACHABLE_CODE = YES;
				CLANG_WARN__DUPLICATE_METHOD_MATCH = YES;
				"CODE_SIGN_IDENTITY[sdk=iphoneos*]" = "iPhone Developer";
				COPY_PHASE_STRIP = NO;
				DEBUG_INFORMATION_FORMAT = dwarf;
				ENABLE_STRICT_OBJC_MSGSEND = YES;
				ENABLE_TESTABILITY = YES;
				GCC_C_LANGUAGE_STANDARD = gnu99;
				GCC_DYNAMIC_NO_PIC = NO;
				GCC_NO_COMMON_BLOCKS = YES;
				GCC_OPTIMIZATION_LEVEL = 0;
				GCC_PREPROCESSOR_DEFINITIONS = (
					"DEBUG=1",
					"$(inherited)",
				);
				GCC_WARN_64_TO_32_BIT_CONVERSION = YES;
				GCC_WARN_ABOUT_RETURN_TYPE = YES_ERROR;
				GCC_WARN_UNDECLARED_SELECTOR = YES;
				GCC_WARN_UNINITIALIZED_AUTOS = YES_AGGRESSIVE;
				GCC_WARN_UNUSED_FUNCTION = YES;
				GCC_WARN_UNUSED_VARIABLE = YES;
				IPHONEOS_DEPLOYMENT_TARGET = 9.0;
				MTL_ENABLE_DEBUG_INFO = YES;
				ONLY_ACTIVE_ARCH = YES;
				SDKROOT = iphoneos;
			};
			name = Debug;
		};
		51DFF2101C1D607A00EF0AED /* Release */ = {
			isa = XCBuildConfiguration;
			buildSettings = {
				ALWAYS_SEARCH_USER_PATHS = NO;
				CLANG_CXX_LANGUAGE_STANDARD = "gnu++0x";
				CLANG_CXX_LIBRARY = "libc++";
				CLANG_ENABLE_MODULES = YES;
				CLANG_ENABLE_OBJC_ARC = YES;
				CLANG_WARN_BOOL_CONVERSION = YES;
				CLANG_WARN_CONSTANT_CONVERSION = YES;
				CLANG_WARN_DIRECT_OBJC_ISA_USAGE = YES_ERROR;
				CLANG_WARN_EMPTY_BODY = YES;
				CLANG_WARN_ENUM_CONVERSION = YES;
				CLANG_WARN_INT_CONVERSION = YES;
				CLANG_WARN_OBJC_ROOT_CLASS = YES_ERROR;
				CLANG_WARN_UNREACHABLE_CODE = YES;
				CLANG_WARN__DUPLICATE_METHOD_MATCH = YES;
				"CODE_SIGN_IDENTITY[sdk=iphoneos*]" = "iPhone Developer";
				COPY_PHASE_STRIP = NO;
				DEBUG_INFORMATION_FORMAT = "dwarf-with-dsym";
				ENABLE_NS_ASSERTIONS = NO;
				ENABLE_STRICT_OBJC_MSGSEND = YES;
				GCC_C_LANGUAGE_STANDARD = gnu99;
				GCC_NO_COMMON_BLOCKS = YES;
				GCC_WARN_64_TO_32_BIT_CONVERSION = YES;
				GCC_WARN_ABOUT_RETURN_TYPE = YES_ERROR;
				GCC_WARN_UNDECLARED_SELECTOR = YES;
				GCC_WARN_UNINITIALIZED_AUTOS = YES_AGGRESSIVE;
				GCC_WARN_UNUSED_FUNCTION = YES;
				GCC_WARN_UNUSED_VARIABLE = YES;
				IPHONEOS_DEPLOYMENT_TARGET = 9.0;
				MTL_ENABLE_DEBUG_INFO = NO;
				SDKROOT = iphoneos;
				VALIDATE_PRODUCT = YES;
			};
			name = Release;
		};
		51DFF2121C1D607A00EF0AED /* Debug */ = {
			isa = XCBuildConfiguration;
			buildSettings = {
				ASSETCATALOG_COMPILER_APPICON_NAME = AppIcon;
				INFOPLIST_FILE = WeblinkDemo/Info.plist;
				LD_RUNPATH_SEARCH_PATHS = "$(inherited) @executable_path/Frameworks";
				PRODUCT_BUNDLE_IDENTIFIER = com.innovationm.mpin.WeblinkDemo;
				PRODUCT_NAME = "$(TARGET_NAME)";
			};
			name = Debug;
		};
		51DFF2131C1D607A00EF0AED /* Release */ = {
			isa = XCBuildConfiguration;
			buildSettings = {
				ASSETCATALOG_COMPILER_APPICON_NAME = AppIcon;
				INFOPLIST_FILE = WeblinkDemo/Info.plist;
				LD_RUNPATH_SEARCH_PATHS = "$(inherited) @executable_path/Frameworks";
				PRODUCT_BUNDLE_IDENTIFIER = com.innovationm.mpin.WeblinkDemo;
				PRODUCT_NAME = "$(TARGET_NAME)";
			};
			name = Release;
		};
		51DFF2151C1D607A00EF0AED /* Debug */ = {
			isa = XCBuildConfiguration;
			buildSettings = {
				BUNDLE_LOADER = "$(TEST_HOST)";
				INFOPLIST_FILE = WeblinkDemoTests/Info.plist;
				LD_RUNPATH_SEARCH_PATHS = "$(inherited) @executable_path/Frameworks @loader_path/Frameworks";
				PRODUCT_BUNDLE_IDENTIFIER = com.innovationm.mpin.WeblinkDemoTests;
				PRODUCT_NAME = "$(TARGET_NAME)";
				TEST_HOST = "$(BUILT_PRODUCTS_DIR)/WeblinkDemo.app/WeblinkDemo";
			};
			name = Debug;
		};
		51DFF2161C1D607A00EF0AED /* Release */ = {
			isa = XCBuildConfiguration;
			buildSettings = {
				BUNDLE_LOADER = "$(TEST_HOST)";
				INFOPLIST_FILE = WeblinkDemoTests/Info.plist;
				LD_RUNPATH_SEARCH_PATHS = "$(inherited) @executable_path/Frameworks @loader_path/Frameworks";
				PRODUCT_BUNDLE_IDENTIFIER = com.innovationm.mpin.WeblinkDemoTests;
				PRODUCT_NAME = "$(TARGET_NAME)";
				TEST_HOST = "$(BUILT_PRODUCTS_DIR)/WeblinkDemo.app/WeblinkDemo";
			};
			name = Release;
		};
		51DFF2181C1D607A00EF0AED /* Debug */ = {
			isa = XCBuildConfiguration;
			buildSettings = {
				INFOPLIST_FILE = WeblinkDemoUITests/Info.plist;
				LD_RUNPATH_SEARCH_PATHS = "$(inherited) @executable_path/Frameworks @loader_path/Frameworks";
				PRODUCT_BUNDLE_IDENTIFIER = com.innovationm.mpin.WeblinkDemoUITests;
				PRODUCT_NAME = "$(TARGET_NAME)";
				TEST_TARGET_NAME = WeblinkDemo;
				USES_XCTRUNNER = YES;
			};
			name = Debug;
		};
		51DFF2191C1D607A00EF0AED /* Release */ = {
			isa = XCBuildConfiguration;
			buildSettings = {
				INFOPLIST_FILE = WeblinkDemoUITests/Info.plist;
				LD_RUNPATH_SEARCH_PATHS = "$(inherited) @executable_path/Frameworks @loader_path/Frameworks";
				PRODUCT_BUNDLE_IDENTIFIER = com.innovationm.mpin.WeblinkDemoUITests;
				PRODUCT_NAME = "$(TARGET_NAME)";
				TEST_TARGET_NAME = WeblinkDemo;
				USES_XCTRUNNER = YES;
			};
			name = Release;
		};
/* End XCBuildConfiguration section */

/* Begin XCConfigurationList section */
		51DFF1DC1C1D607A00EF0AED /* Build configuration list for PBXProject "WeblinkDemo" */ = {
			isa = XCConfigurationList;
			buildConfigurations = (
				51DFF20F1C1D607A00EF0AED /* Debug */,
				51DFF2101C1D607A00EF0AED /* Release */,
			);
			defaultConfigurationIsVisible = 0;
			defaultConfigurationName = Release;
		};
		51DFF2111C1D607A00EF0AED /* Build configuration list for PBXNativeTarget "WeblinkDemo" */ = {
			isa = XCConfigurationList;
			buildConfigurations = (
				51DFF2121C1D607A00EF0AED /* Debug */,
				51DFF2131C1D607A00EF0AED /* Release */,
			);
			defaultConfigurationIsVisible = 0;
			defaultConfigurationName = Release;
		};
		51DFF2141C1D607A00EF0AED /* Build configuration list for PBXNativeTarget "WeblinkDemoTests" */ = {
			isa = XCConfigurationList;
			buildConfigurations = (
				51DFF2151C1D607A00EF0AED /* Debug */,
				51DFF2161C1D607A00EF0AED /* Release */,
			);
			defaultConfigurationIsVisible = 0;
			defaultConfigurationName = Release;
		};
		51DFF2171C1D607A00EF0AED /* Build configuration list for PBXNativeTarget "WeblinkDemoUITests" */ = {
			isa = XCConfigurationList;
			buildConfigurations = (
				51DFF2181C1D607A00EF0AED /* Debug */,
				51DFF2191C1D607A00EF0AED /* Release */,
			);
			defaultConfigurationIsVisible = 0;
			defaultConfigurationName = Release;
		};
/* End XCConfigurationList section */

/* Begin XCVersionGroup section */
		51DFF1F01C1D607A00EF0AED /* WeblinkDemo.xcdatamodeld */ = {
			isa = XCVersionGroup;
			children = (
				51DFF1F11C1D607A00EF0AED /* WeblinkDemo.xcdatamodel */,
			);
			currentVersion = 51DFF1F11C1D607A00EF0AED /* WeblinkDemo.xcdatamodel */;
			path = WeblinkDemo.xcdatamodeld;
			sourceTree = "<group>";
			versionGroupType = wrapper.xcdatamodel;
		};
/* End XCVersionGroup section */
	};
	rootObject = 51DFF1D91C1D607A00EF0AED /* Project object */;
}
