// !$*UTF8*$!
{
	archiveVersion = 1;
	classes = {
	};
	objectVersion = 46;
	objects = {

/* Begin PBXBuildFile section */
		518D0EFF1C8EE6810088E8EA /* main.m in Sources */ = {isa = PBXBuildFile; fileRef = 518D0EFE1C8EE6810088E8EA /* main.m */; };
		518D0F021C8EE6810088E8EA /* AppDelegate.m in Sources */ = {isa = PBXBuildFile; fileRef = 518D0F011C8EE6810088E8EA /* AppDelegate.m */; };
		518D0F051C8EE6810088E8EA /* ViewController.m in Sources */ = {isa = PBXBuildFile; fileRef = 518D0F041C8EE6810088E8EA /* ViewController.m */; };
		518D0F081C8EE6810088E8EA /* Main.storyboard in Resources */ = {isa = PBXBuildFile; fileRef = 518D0F061C8EE6810088E8EA /* Main.storyboard */; };
		518D0F0B1C8EE6810088E8EA /* CoreDataInterruption.xcdatamodeld in Sources */ = {isa = PBXBuildFile; fileRef = 518D0F091C8EE6810088E8EA /* CoreDataInterruption.xcdatamodeld */; };
		518D0F0D1C8EE6810088E8EA /* Assets.xcassets in Resources */ = {isa = PBXBuildFile; fileRef = 518D0F0C1C8EE6810088E8EA /* Assets.xcassets */; };
		518D0F101C8EE6810088E8EA /* LaunchScreen.storyboard in Resources */ = {isa = PBXBuildFile; fileRef = 518D0F0E1C8EE6810088E8EA /* LaunchScreen.storyboard */; };
		518D0F1B1C8EE6810088E8EA /* CoreDataInterruptionTests.m in Sources */ = {isa = PBXBuildFile; fileRef = 518D0F1A1C8EE6810088E8EA /* CoreDataInterruptionTests.m */; };
		518D0F261C8EE6810088E8EA /* CoreDataInterruptionUITests.m in Sources */ = {isa = PBXBuildFile; fileRef = 518D0F251C8EE6810088E8EA /* CoreDataInterruptionUITests.m */; };
		518D0F461C8EEB3D0088E8EA /* EmployeeTableViewCell.m in Sources */ = {isa = PBXBuildFile; fileRef = 518D0F451C8EEB3D0088E8EA /* EmployeeTableViewCell.m */; settings = {ASSET_TAGS = (); }; };
		518D0F4A1C8EF05D0088E8EA /* EmployeeModel.m in Sources */ = {isa = PBXBuildFile; fileRef = 518D0F491C8EF05D0088E8EA /* EmployeeModel.m */; settings = {ASSET_TAGS = (); }; };
		518D0F4F1C8EF0F60088E8EA /* Employee+CoreDataProperties.m in Sources */ = {isa = PBXBuildFile; fileRef = 518D0F4C1C8EF0F60088E8EA /* Employee+CoreDataProperties.m */; settings = {ASSET_TAGS = (); }; };
		518D0F501C8EF0F60088E8EA /* Employee.m in Sources */ = {isa = PBXBuildFile; fileRef = 518D0F4E1C8EF0F60088E8EA /* Employee.m */; settings = {ASSET_TAGS = (); }; };
		518D0F531C8F05AA0088E8EA /* DBManager.m in Sources */ = {isa = PBXBuildFile; fileRef = 518D0F521C8F05AA0088E8EA /* DBManager.m */; settings = {ASSET_TAGS = (); }; };
		51BB8D4D1C913CC000C9FF37 /* OperationManager.m in Sources */ = {isa = PBXBuildFile; fileRef = 51BB8D4C1C913CC000C9FF37 /* OperationManager.m */; settings = {ASSET_TAGS = (); }; };
/* End PBXBuildFile section */

/* Begin PBXContainerItemProxy section */
		518D0F171C8EE6810088E8EA /* PBXContainerItemProxy */ = {
			isa = PBXContainerItemProxy;
			containerPortal = 518D0EF21C8EE6810088E8EA /* Project object */;
			proxyType = 1;
			remoteGlobalIDString = 518D0EF91C8EE6810088E8EA;
			remoteInfo = CoreDataInterruption;
		};
		518D0F221C8EE6810088E8EA /* PBXContainerItemProxy */ = {
			isa = PBXContainerItemProxy;
			containerPortal = 518D0EF21C8EE6810088E8EA /* Project object */;
			proxyType = 1;
			remoteGlobalIDString = 518D0EF91C8EE6810088E8EA;
			remoteInfo = CoreDataInterruption;
		};
/* End PBXContainerItemProxy section */

/* Begin PBXFileReference section */
		518D0EFA1C8EE6810088E8EA /* CoreDataInterruption.app */ = {isa = PBXFileReference; explicitFileType = wrapper.application; includeInIndex = 0; path = CoreDataInterruption.app; sourceTree = BUILT_PRODUCTS_DIR; };
		518D0EFE1C8EE6810088E8EA /* main.m */ = {isa = PBXFileReference; lastKnownFileType = sourcecode.c.objc; path = main.m; sourceTree = "<group>"; };
		518D0F001C8EE6810088E8EA /* AppDelegate.h */ = {isa = PBXFileReference; lastKnownFileType = sourcecode.c.h; name = AppDelegate.h; path = ../AppDelegate.h; sourceTree = "<group>"; };
		518D0F011C8EE6810088E8EA /* AppDelegate.m */ = {isa = PBXFileReference; lastKnownFileType = sourcecode.c.objc; name = AppDelegate.m; path = ../AppDelegate.m; sourceTree = "<group>"; };
		518D0F031C8EE6810088E8EA /* ViewController.h */ = {isa = PBXFileReference; lastKnownFileType = sourcecode.c.h; name = ViewController.h; path = CoreDataInterruption/ViewController.h; sourceTree = SOURCE_ROOT; };
		518D0F041C8EE6810088E8EA /* ViewController.m */ = {isa = PBXFileReference; lastKnownFileType = sourcecode.c.objc; name = ViewController.m; path = CoreDataInterruption/ViewController.m; sourceTree = SOURCE_ROOT; };
		518D0F071C8EE6810088E8EA /* Base */ = {isa = PBXFileReference; lastKnownFileType = file.storyboard; name = Base; path = Base.lproj/Main.storyboard; sourceTree = "<group>"; };
		518D0F0A1C8EE6810088E8EA /* CoreDataInterruption.xcdatamodel */ = {isa = PBXFileReference; lastKnownFileType = wrapper.xcdatamodel; path = CoreDataInterruption.xcdatamodel; sourceTree = "<group>"; };
		518D0F0C1C8EE6810088E8EA /* Assets.xcassets */ = {isa = PBXFileReference; lastKnownFileType = folder.assetcatalog; name = Assets.xcassets; path = ../Assets.xcassets; sourceTree = "<group>"; };
		518D0F0F1C8EE6810088E8EA /* Base */ = {isa = PBXFileReference; lastKnownFileType = file.storyboard; name = Base; path = Base.lproj/LaunchScreen.storyboard; sourceTree = "<group>"; };
		518D0F111C8EE6810088E8EA /* Info.plist */ = {isa = PBXFileReference; lastKnownFileType = text.plist.xml; name = Info.plist; path = ../Info.plist; sourceTree = "<group>"; };
		518D0F161C8EE6810088E8EA /* CoreDataInterruptionTests.xctest */ = {isa = PBXFileReference; explicitFileType = wrapper.cfbundle; includeInIndex = 0; path = CoreDataInterruptionTests.xctest; sourceTree = BUILT_PRODUCTS_DIR; };
		518D0F1A1C8EE6810088E8EA /* CoreDataInterruptionTests.m */ = {isa = PBXFileReference; lastKnownFileType = sourcecode.c.objc; path = CoreDataInterruptionTests.m; sourceTree = "<group>"; };
		518D0F1C1C8EE6810088E8EA /* Info.plist */ = {isa = PBXFileReference; lastKnownFileType = text.plist.xml; path = Info.plist; sourceTree = "<group>"; };
		518D0F211C8EE6810088E8EA /* CoreDataInterruptionUITests.xctest */ = {isa = PBXFileReference; explicitFileType = wrapper.cfbundle; includeInIndex = 0; path = CoreDataInterruptionUITests.xctest; sourceTree = BUILT_PRODUCTS_DIR; };
		518D0F251C8EE6810088E8EA /* CoreDataInterruptionUITests.m */ = {isa = PBXFileReference; lastKnownFileType = sourcecode.c.objc; path = CoreDataInterruptionUITests.m; sourceTree = "<group>"; };
		518D0F271C8EE6810088E8EA /* Info.plist */ = {isa = PBXFileReference; lastKnownFileType = text.plist.xml; path = Info.plist; sourceTree = "<group>"; };
		518D0F441C8EEB3D0088E8EA /* EmployeeTableViewCell.h */ = {isa = PBXFileReference; fileEncoding = 4; lastKnownFileType = sourcecode.c.h; path = EmployeeTableViewCell.h; sourceTree = "<group>"; };
		518D0F451C8EEB3D0088E8EA /* EmployeeTableViewCell.m */ = {isa = PBXFileReference; fileEncoding = 4; lastKnownFileType = sourcecode.c.objc; path = EmployeeTableViewCell.m; sourceTree = "<group>"; };
		518D0F481C8EF05D0088E8EA /* EmployeeModel.h */ = {isa = PBXFileReference; fileEncoding = 4; lastKnownFileType = sourcecode.c.h; path = EmployeeModel.h; sourceTree = "<group>"; };
		518D0F491C8EF05D0088E8EA /* EmployeeModel.m */ = {isa = PBXFileReference; fileEncoding = 4; lastKnownFileType = sourcecode.c.objc; path = EmployeeModel.m; sourceTree = "<group>"; };
		518D0F4B1C8EF0F60088E8EA /* Employee+CoreDataProperties.h */ = {isa = PBXFileReference; fileEncoding = 4; lastKnownFileType = sourcecode.c.h; path = "Employee+CoreDataProperties.h"; sourceTree = "<group>"; };
		518D0F4C1C8EF0F60088E8EA /* Employee+CoreDataProperties.m */ = {isa = PBXFileReference; fileEncoding = 4; lastKnownFileType = sourcecode.c.objc; path = "Employee+CoreDataProperties.m"; sourceTree = "<group>"; };
		518D0F4D1C8EF0F60088E8EA /* Employee.h */ = {isa = PBXFileReference; fileEncoding = 4; lastKnownFileType = sourcecode.c.h; path = Employee.h; sourceTree = "<group>"; };
		518D0F4E1C8EF0F60088E8EA /* Employee.m */ = {isa = PBXFileReference; fileEncoding = 4; lastKnownFileType = sourcecode.c.objc; path = Employee.m; sourceTree = "<group>"; };
		518D0F511C8F05AA0088E8EA /* DBManager.h */ = {isa = PBXFileReference; fileEncoding = 4; lastKnownFileType = sourcecode.c.h; path = DBManager.h; sourceTree = "<group>"; };
		518D0F521C8F05AA0088E8EA /* DBManager.m */ = {isa = PBXFileReference; fileEncoding = 4; lastKnownFileType = sourcecode.c.objc; path = DBManager.m; sourceTree = "<group>"; };
		51BB8D4B1C913CC000C9FF37 /* OperationManager.h */ = {isa = PBXFileReference; fileEncoding = 4; lastKnownFileType = sourcecode.c.h; path = OperationManager.h; sourceTree = "<group>"; };
		51BB8D4C1C913CC000C9FF37 /* OperationManager.m */ = {isa = PBXFileReference; fileEncoding = 4; lastKnownFileType = sourcecode.c.objc; path = OperationManager.m; sourceTree = "<group>"; };
/* End PBXFileReference section */

/* Begin PBXFrameworksBuildPhase section */
		518D0EF71C8EE6810088E8EA /* Frameworks */ = {
			isa = PBXFrameworksBuildPhase;
			buildActionMask = 2147483647;
			files = (
			);
			runOnlyForDeploymentPostprocessing = 0;
		};
		518D0F131C8EE6810088E8EA /* Frameworks */ = {
			isa = PBXFrameworksBuildPhase;
			buildActionMask = 2147483647;
			files = (
			);
			runOnlyForDeploymentPostprocessing = 0;
		};
		518D0F1E1C8EE6810088E8EA /* Frameworks */ = {
			isa = PBXFrameworksBuildPhase;
			buildActionMask = 2147483647;
			files = (
			);
			runOnlyForDeploymentPostprocessing = 0;
		};
/* End PBXFrameworksBuildPhase section */

/* Begin PBXGroup section */
		518D0EF11C8EE6810088E8EA = {
			isa = PBXGroup;
			children = (
				518D0EFC1C8EE6810088E8EA /* CoreDataInterruption */,
				518D0F191C8EE6810088E8EA /* CoreDataInterruptionTests */,
				518D0F241C8EE6810088E8EA /* CoreDataInterruptionUITests */,
				518D0EFB1C8EE6810088E8EA /* Products */,
			);
			sourceTree = "<group>";
		};
		518D0EFB1C8EE6810088E8EA /* Products */ = {
			isa = PBXGroup;
			children = (
				518D0EFA1C8EE6810088E8EA /* CoreDataInterruption.app */,
				518D0F161C8EE6810088E8EA /* CoreDataInterruptionTests.xctest */,
				518D0F211C8EE6810088E8EA /* CoreDataInterruptionUITests.xctest */,
			);
			name = Products;
			sourceTree = "<group>";
		};
		518D0EFC1C8EE6810088E8EA /* CoreDataInterruption */ = {
			isa = PBXGroup;
			children = (
				518D0F471C8EF0480088E8EA /* Model */,
				518D0F431C8EEB1B0088E8EA /* ViewController */,
				518D0F3C1C8EE8640088E8EA /* EmployeeDBModel */,
				518D0F351C8EE6E20088E8EA /* SystemDefined */,
				518D0F331C8EE6DC0088E8EA /* Managers */,
				518D0EFD1C8EE6810088E8EA /* Supporting Files */,
			);
			path = CoreDataInterruption;
			sourceTree = "<group>";
		};
		518D0EFD1C8EE6810088E8EA /* Supporting Files */ = {
			isa = PBXGroup;
			children = (
				518D0EFE1C8EE6810088E8EA /* main.m */,
			);
			name = "Supporting Files";
			sourceTree = "<group>";
		};
		518D0F191C8EE6810088E8EA /* CoreDataInterruptionTests */ = {
			isa = PBXGroup;
			children = (
				518D0F1A1C8EE6810088E8EA /* CoreDataInterruptionTests.m */,
				518D0F1C1C8EE6810088E8EA /* Info.plist */,
			);
			path = CoreDataInterruptionTests;
			sourceTree = "<group>";
		};
		518D0F241C8EE6810088E8EA /* CoreDataInterruptionUITests */ = {
			isa = PBXGroup;
			children = (
				518D0F251C8EE6810088E8EA /* CoreDataInterruptionUITests.m */,
				518D0F271C8EE6810088E8EA /* Info.plist */,
			);
			path = CoreDataInterruptionUITests;
			sourceTree = "<group>";
		};
		518D0F331C8EE6DC0088E8EA /* Managers */ = {
			isa = PBXGroup;
			children = (
				51BB8D4A1C913CB700C9FF37 /* OperationManager */,
				518D0F341C8EE6DC0088E8EA /* DBManager */,
			);
			path = Managers;
			sourceTree = "<group>";
		};
		518D0F341C8EE6DC0088E8EA /* DBManager */ = {
			isa = PBXGroup;
			children = (
				518D0F511C8F05AA0088E8EA /* DBManager.h */,
				518D0F521C8F05AA0088E8EA /* DBManager.m */,
			);
			path = DBManager;
			sourceTree = "<group>";
		};
		518D0F351C8EE6E20088E8EA /* SystemDefined */ = {
			isa = PBXGroup;
			children = (
				518D0F001C8EE6810088E8EA /* AppDelegate.h */,
				518D0F011C8EE6810088E8EA /* AppDelegate.m */,
				518D0F061C8EE6810088E8EA /* Main.storyboard */,
				518D0F0C1C8EE6810088E8EA /* Assets.xcassets */,
				518D0F0E1C8EE6810088E8EA /* LaunchScreen.storyboard */,
				518D0F111C8EE6810088E8EA /* Info.plist */,
				518D0F091C8EE6810088E8EA /* CoreDataInterruption.xcdatamodeld */,
			);
			path = SystemDefined;
			sourceTree = "<group>";
		};
		518D0F3C1C8EE8640088E8EA /* EmployeeDBModel */ = {
			isa = PBXGroup;
			children = (
				518D0F4B1C8EF0F60088E8EA /* Employee+CoreDataProperties.h */,
				518D0F4C1C8EF0F60088E8EA /* Employee+CoreDataProperties.m */,
				518D0F4D1C8EF0F60088E8EA /* Employee.h */,
				518D0F4E1C8EF0F60088E8EA /* Employee.m */,
			);
			path = EmployeeDBModel;
			sourceTree = "<group>";
		};
		518D0F431C8EEB1B0088E8EA /* ViewController */ = {
			isa = PBXGroup;
			children = (
				518D0F031C8EE6810088E8EA /* ViewController.h */,
				518D0F041C8EE6810088E8EA /* ViewController.m */,
				518D0F441C8EEB3D0088E8EA /* EmployeeTableViewCell.h */,
				518D0F451C8EEB3D0088E8EA /* EmployeeTableViewCell.m */,
			);
			path = ViewController;
			sourceTree = "<group>";
		};
		518D0F471C8EF0480088E8EA /* Model */ = {
			isa = PBXGroup;
			children = (
				518D0F481C8EF05D0088E8EA /* EmployeeModel.h */,
				518D0F491C8EF05D0088E8EA /* EmployeeModel.m */,
			);
			path = Model;
			sourceTree = "<group>";
		};
		51BB8D4A1C913CB700C9FF37 /* OperationManager */ = {
			isa = PBXGroup;
			children = (
				51BB8D4B1C913CC000C9FF37 /* OperationManager.h */,
				51BB8D4C1C913CC000C9FF37 /* OperationManager.m */,
			);
			path = OperationManager;
			sourceTree = "<group>";
		};
/* End PBXGroup section */

/* Begin PBXNativeTarget section */
		518D0EF91C8EE6810088E8EA /* CoreDataInterruption */ = {
			isa = PBXNativeTarget;
			buildConfigurationList = 518D0F2A1C8EE6810088E8EA /* Build configuration list for PBXNativeTarget "CoreDataInterruption" */;
			buildPhases = (
				518D0EF61C8EE6810088E8EA /* Sources */,
				518D0EF71C8EE6810088E8EA /* Frameworks */,
				518D0EF81C8EE6810088E8EA /* Resources */,
			);
			buildRules = (
			);
			dependencies = (
			);
			name = CoreDataInterruption;
			productName = CoreDataInterruption;
			productReference = 518D0EFA1C8EE6810088E8EA /* CoreDataInterruption.app */;
			productType = "com.apple.product-type.application";
		};
		518D0F151C8EE6810088E8EA /* CoreDataInterruptionTests */ = {
			isa = PBXNativeTarget;
			buildConfigurationList = 518D0F2D1C8EE6810088E8EA /* Build configuration list for PBXNativeTarget "CoreDataInterruptionTests" */;
			buildPhases = (
				518D0F121C8EE6810088E8EA /* Sources */,
				518D0F131C8EE6810088E8EA /* Frameworks */,
				518D0F141C8EE6810088E8EA /* Resources */,
			);
			buildRules = (
			);
			dependencies = (
				518D0F181C8EE6810088E8EA /* PBXTargetDependency */,
			);
			name = CoreDataInterruptionTests;
			productName = CoreDataInterruptionTests;
			productReference = 518D0F161C8EE6810088E8EA /* CoreDataInterruptionTests.xctest */;
			productType = "com.apple.product-type.bundle.unit-test";
		};
		518D0F201C8EE6810088E8EA /* CoreDataInterruptionUITests */ = {
			isa = PBXNativeTarget;
			buildConfigurationList = 518D0F301C8EE6810088E8EA /* Build configuration list for PBXNativeTarget "CoreDataInterruptionUITests" */;
			buildPhases = (
				518D0F1D1C8EE6810088E8EA /* Sources */,
				518D0F1E1C8EE6810088E8EA /* Frameworks */,
				518D0F1F1C8EE6810088E8EA /* Resources */,
			);
			buildRules = (
			);
			dependencies = (
				518D0F231C8EE6810088E8EA /* PBXTargetDependency */,
			);
			name = CoreDataInterruptionUITests;
			productName = CoreDataInterruptionUITests;
			productReference = 518D0F211C8EE6810088E8EA /* CoreDataInterruptionUITests.xctest */;
			productType = "com.apple.product-type.bundle.ui-testing";
		};
/* End PBXNativeTarget section */

/* Begin PBXProject section */
		518D0EF21C8EE6810088E8EA /* Project object */ = {
			isa = PBXProject;
			attributes = {
				LastUpgradeCheck = 0700;
				ORGANIZATIONNAME = InnovationM;
				TargetAttributes = {
					518D0EF91C8EE6810088E8EA = {
						CreatedOnToolsVersion = 7.0;
					};
					518D0F151C8EE6810088E8EA = {
						CreatedOnToolsVersion = 7.0;
						TestTargetID = 518D0EF91C8EE6810088E8EA;
					};
					518D0F201C8EE6810088E8EA = {
						CreatedOnToolsVersion = 7.0;
						TestTargetID = 518D0EF91C8EE6810088E8EA;
					};
				};
			};
			buildConfigurationList = 518D0EF51C8EE6810088E8EA /* Build configuration list for PBXProject "CoreDataInterruption" */;
			compatibilityVersion = "Xcode 3.2";
			developmentRegion = English;
			hasScannedForEncodings = 0;
			knownRegions = (
				en,
				Base,
			);
			mainGroup = 518D0EF11C8EE6810088E8EA;
			productRefGroup = 518D0EFB1C8EE6810088E8EA /* Products */;
			projectDirPath = "";
			projectRoot = "";
			targets = (
				518D0EF91C8EE6810088E8EA /* CoreDataInterruption */,
				518D0F151C8EE6810088E8EA /* CoreDataInterruptionTests */,
				518D0F201C8EE6810088E8EA /* CoreDataInterruptionUITests */,
			);
		};
/* End PBXProject section */

/* Begin PBXResourcesBuildPhase section */
		518D0EF81C8EE6810088E8EA /* Resources */ = {
			isa = PBXResourcesBuildPhase;
			buildActionMask = 2147483647;
			files = (
				518D0F101C8EE6810088E8EA /* LaunchScreen.storyboard in Resources */,
				518D0F0D1C8EE6810088E8EA /* Assets.xcassets in Resources */,
				518D0F081C8EE6810088E8EA /* Main.storyboard in Resources */,
			);
			runOnlyForDeploymentPostprocessing = 0;
		};
		518D0F141C8EE6810088E8EA /* Resources */ = {
			isa = PBXResourcesBuildPhase;
			buildActionMask = 2147483647;
			files = (
			);
			runOnlyForDeploymentPostprocessing = 0;
		};
		518D0F1F1C8EE6810088E8EA /* Resources */ = {
			isa = PBXResourcesBuildPhase;
			buildActionMask = 2147483647;
			files = (
			);
			runOnlyForDeploymentPostprocessing = 0;
		};
/* End PBXResourcesBuildPhase section */

/* Begin PBXSourcesBuildPhase section */
		518D0EF61C8EE6810088E8EA /* Sources */ = {
			isa = PBXSourcesBuildPhase;
			buildActionMask = 2147483647;
			files = (
				518D0F4F1C8EF0F60088E8EA /* Employee+CoreDataProperties.m in Sources */,
				518D0F051C8EE6810088E8EA /* ViewController.m in Sources */,
				51BB8D4D1C913CC000C9FF37 /* OperationManager.m in Sources */,
				518D0F0B1C8EE6810088E8EA /* CoreDataInterruption.xcdatamodeld in Sources */,
				518D0F531C8F05AA0088E8EA /* DBManager.m in Sources */,
				518D0F4A1C8EF05D0088E8EA /* EmployeeModel.m in Sources */,
				518D0F021C8EE6810088E8EA /* AppDelegate.m in Sources */,
				518D0F501C8EF0F60088E8EA /* Employee.m in Sources */,
				518D0F461C8EEB3D0088E8EA /* EmployeeTableViewCell.m in Sources */,
				518D0EFF1C8EE6810088E8EA /* main.m in Sources */,
			);
			runOnlyForDeploymentPostprocessing = 0;
		};
		518D0F121C8EE6810088E8EA /* Sources */ = {
			isa = PBXSourcesBuildPhase;
			buildActionMask = 2147483647;
			files = (
				518D0F1B1C8EE6810088E8EA /* CoreDataInterruptionTests.m in Sources */,
			);
			runOnlyForDeploymentPostprocessing = 0;
		};
		518D0F1D1C8EE6810088E8EA /* Sources */ = {
			isa = PBXSourcesBuildPhase;
			buildActionMask = 2147483647;
			files = (
				518D0F261C8EE6810088E8EA /* CoreDataInterruptionUITests.m in Sources */,
			);
			runOnlyForDeploymentPostprocessing = 0;
		};
/* End PBXSourcesBuildPhase section */

/* Begin PBXTargetDependency section */
		518D0F181C8EE6810088E8EA /* PBXTargetDependency */ = {
			isa = PBXTargetDependency;
			target = 518D0EF91C8EE6810088E8EA /* CoreDataInterruption */;
			targetProxy = 518D0F171C8EE6810088E8EA /* PBXContainerItemProxy */;
		};
		518D0F231C8EE6810088E8EA /* PBXTargetDependency */ = {
			isa = PBXTargetDependency;
			target = 518D0EF91C8EE6810088E8EA /* CoreDataInterruption */;
			targetProxy = 518D0F221C8EE6810088E8EA /* PBXContainerItemProxy */;
		};
/* End PBXTargetDependency section */

/* Begin PBXVariantGroup section */
		518D0F061C8EE6810088E8EA /* Main.storyboard */ = {
			isa = PBXVariantGroup;
			children = (
				518D0F071C8EE6810088E8EA /* Base */,
			);
			name = Main.storyboard;
			path = ..;
			sourceTree = "<group>";
		};
		518D0F0E1C8EE6810088E8EA /* LaunchScreen.storyboard */ = {
			isa = PBXVariantGroup;
			children = (
				518D0F0F1C8EE6810088E8EA /* Base */,
			);
			name = LaunchScreen.storyboard;
			path = ..;
			sourceTree = "<group>";
		};
/* End PBXVariantGroup section */

/* Begin XCBuildConfiguration section */
		518D0F281C8EE6810088E8EA /* Debug */ = {
			isa = XCBuildConfiguration;
			buildSettings = {
				ALWAYS_SEARCH_USER_PATHS = NO;
				CLANG_CXX_LANGUAGE_STANDARD = "gnu++0x";
				CLANG_CXX_LIBRARY = "libc++";
				CLANG_ENABLE_MODULES = YES;
				CLANG_ENABLE_OBJC_ARC = YES;
				CLANG_WARN_BOOL_CONVERSION = YES;
				CLANG_WARN_CONSTANT_CONVERSION = YES;
				CLANG_WARN_DIRECT_OBJC_ISA_USAGE = YES_ERROR;
				CLANG_WARN_EMPTY_BODY = YES;
				CLANG_WARN_ENUM_CONVERSION = YES;
				CLANG_WARN_INT_CONVERSION = YES;
				CLANG_WARN_OBJC_ROOT_CLASS = YES_ERROR;
				CLANG_WARN_UNREACHABLE_CODE = YES;
				CLANG_WARN__DUPLICATE_METHOD_MATCH = YES;
				"CODE_SIGN_IDENTITY[sdk=iphoneos*]" = "iPhone Developer";
				COPY_PHASE_STRIP = NO;
				DEBUG_INFORMATION_FORMAT = dwarf;
				ENABLE_STRICT_OBJC_MSGSEND = YES;
				ENABLE_TESTABILITY = YES;
				GCC_C_LANGUAGE_STANDARD = gnu99;
				GCC_DYNAMIC_NO_PIC = NO;
				GCC_NO_COMMON_BLOCKS = YES;
				GCC_OPTIMIZATION_LEVEL = 0;
				GCC_PREPROCESSOR_DEFINITIONS = (
					"DEBUG=1",
					"$(inherited)",
				);
				GCC_WARN_64_TO_32_BIT_CONVERSION = YES;
				GCC_WARN_ABOUT_RETURN_TYPE = YES_ERROR;
				GCC_WARN_UNDECLARED_SELECTOR = YES;
				GCC_WARN_UNINITIALIZED_AUTOS = YES_AGGRESSIVE;
				GCC_WARN_UNUSED_FUNCTION = YES;
				GCC_WARN_UNUSED_VARIABLE = YES;
				IPHONEOS_DEPLOYMENT_TARGET = 9.0;
				MTL_ENABLE_DEBUG_INFO = YES;
				ONLY_ACTIVE_ARCH = YES;
				SDKROOT = iphoneos;
			};
			name = Debug;
		};
		518D0F291C8EE6810088E8EA /* Release */ = {
			isa = XCBuildConfiguration;
			buildSettings = {
				ALWAYS_SEARCH_USER_PATHS = NO;
				CLANG_CXX_LANGUAGE_STANDARD = "gnu++0x";
				CLANG_CXX_LIBRARY = "libc++";
				CLANG_ENABLE_MODULES = YES;
				CLANG_ENABLE_OBJC_ARC = YES;
				CLANG_WARN_BOOL_CONVERSION = YES;
				CLANG_WARN_CONSTANT_CONVERSION = YES;
				CLANG_WARN_DIRECT_OBJC_ISA_USAGE = YES_ERROR;
				CLANG_WARN_EMPTY_BODY = YES;
				CLANG_WARN_ENUM_CONVERSION = YES;
				CLANG_WARN_INT_CONVERSION = YES;
				CLANG_WARN_OBJC_ROOT_CLASS = YES_ERROR;
				CLANG_WARN_UNREACHABLE_CODE = YES;
				CLANG_WARN__DUPLICATE_METHOD_MATCH = YES;
				"CODE_SIGN_IDENTITY[sdk=iphoneos*]" = "iPhone Developer";
				COPY_PHASE_STRIP = NO;
				DEBUG_INFORMATION_FORMAT = "dwarf-with-dsym";
				ENABLE_NS_ASSERTIONS = NO;
				ENABLE_STRICT_OBJC_MSGSEND = YES;
				GCC_C_LANGUAGE_STANDARD = gnu99;
				GCC_NO_COMMON_BLOCKS = YES;
				GCC_WARN_64_TO_32_BIT_CONVERSION = YES;
				GCC_WARN_ABOUT_RETURN_TYPE = YES_ERROR;
				GCC_WARN_UNDECLARED_SELECTOR = YES;
				GCC_WARN_UNINITIALIZED_AUTOS = YES_AGGRESSIVE;
				GCC_WARN_UNUSED_FUNCTION = YES;
				GCC_WARN_UNUSED_VARIABLE = YES;
				IPHONEOS_DEPLOYMENT_TARGET = 9.0;
				MTL_ENABLE_DEBUG_INFO = NO;
				SDKROOT = iphoneos;
				VALIDATE_PRODUCT = YES;
			};
			name = Release;
		};
		518D0F2B1C8EE6810088E8EA /* Debug */ = {
			isa = XCBuildConfiguration;
			buildSettings = {
				ASSETCATALOG_COMPILER_APPICON_NAME = AppIcon;
				INFOPLIST_FILE = CoreDataInterruption/Info.plist;
				LD_RUNPATH_SEARCH_PATHS = "$(inherited) @executable_path/Frameworks";
				PRODUCT_BUNDLE_IDENTIFIER = com.innovationm.mpin.CoreDataInterruption;
				PRODUCT_NAME = "$(TARGET_NAME)";
			};
			name = Debug;
		};
		518D0F2C1C8EE6810088E8EA /* Release */ = {
			isa = XCBuildConfiguration;
			buildSettings = {
				ASSETCATALOG_COMPILER_APPICON_NAME = AppIcon;
				INFOPLIST_FILE = CoreDataInterruption/Info.plist;
				LD_RUNPATH_SEARCH_PATHS = "$(inherited) @executable_path/Frameworks";
				PRODUCT_BUNDLE_IDENTIFIER = com.innovationm.mpin.CoreDataInterruption;
				PRODUCT_NAME = "$(TARGET_NAME)";
			};
			name = Release;
		};
		518D0F2E1C8EE6810088E8EA /* Debug */ = {
			isa = XCBuildConfiguration;
			buildSettings = {
				BUNDLE_LOADER = "$(TEST_HOST)";
				INFOPLIST_FILE = CoreDataInterruptionTests/Info.plist;
				LD_RUNPATH_SEARCH_PATHS = "$(inherited) @executable_path/Frameworks @loader_path/Frameworks";
				PRODUCT_BUNDLE_IDENTIFIER = com.innovationm.mpin.CoreDataInterruptionTests;
				PRODUCT_NAME = "$(TARGET_NAME)";
				TEST_HOST = "$(BUILT_PRODUCTS_DIR)/CoreDataInterruption.app/CoreDataInterruption";
			};
			name = Debug;
		};
		518D0F2F1C8EE6810088E8EA /* Release */ = {
			isa = XCBuildConfiguration;
			buildSettings = {
				BUNDLE_LOADER = "$(TEST_HOST)";
				INFOPLIST_FILE = CoreDataInterruptionTests/Info.plist;
				LD_RUNPATH_SEARCH_PATHS = "$(inherited) @executable_path/Frameworks @loader_path/Frameworks";
				PRODUCT_BUNDLE_IDENTIFIER = com.innovationm.mpin.CoreDataInterruptionTests;
				PRODUCT_NAME = "$(TARGET_NAME)";
				TEST_HOST = "$(BUILT_PRODUCTS_DIR)/CoreDataInterruption.app/CoreDataInterruption";
			};
			name = Release;
		};
		518D0F311C8EE6810088E8EA /* Debug */ = {
			isa = XCBuildConfiguration;
			buildSettings = {
				INFOPLIST_FILE = CoreDataInterruptionUITests/Info.plist;
				LD_RUNPATH_SEARCH_PATHS = "$(inherited) @executable_path/Frameworks @loader_path/Frameworks";
				PRODUCT_BUNDLE_IDENTIFIER = com.innovationm.mpin.CoreDataInterruptionUITests;
				PRODUCT_NAME = "$(TARGET_NAME)";
				TEST_TARGET_NAME = CoreDataInterruption;
				USES_XCTRUNNER = YES;
			};
			name = Debug;
		};
		518D0F321C8EE6810088E8EA /* Release */ = {
			isa = XCBuildConfiguration;
			buildSettings = {
				INFOPLIST_FILE = CoreDataInterruptionUITests/Info.plist;
				LD_RUNPATH_SEARCH_PATHS = "$(inherited) @executable_path/Frameworks @loader_path/Frameworks";
				PRODUCT_BUNDLE_IDENTIFIER = com.innovationm.mpin.CoreDataInterruptionUITests;
				PRODUCT_NAME = "$(TARGET_NAME)";
				TEST_TARGET_NAME = CoreDataInterruption;
				USES_XCTRUNNER = YES;
			};
			name = Release;
		};
/* End XCBuildConfiguration section */

/* Begin XCConfigurationList section */
		518D0EF51C8EE6810088E8EA /* Build configuration list for PBXProject "CoreDataInterruption" */ = {
			isa = XCConfigurationList;
			buildConfigurations = (
				518D0F281C8EE6810088E8EA /* Debug */,
				518D0F291C8EE6810088E8EA /* Release */,
			);
			defaultConfigurationIsVisible = 0;
			defaultConfigurationName = Release;
		};
		518D0F2A1C8EE6810088E8EA /* Build configuration list for PBXNativeTarget "CoreDataInterruption" */ = {
			isa = XCConfigurationList;
			buildConfigurations = (
				518D0F2B1C8EE6810088E8EA /* Debug */,
				518D0F2C1C8EE6810088E8EA /* Release */,
			);
			defaultConfigurationIsVisible = 0;
			defaultConfigurationName = Release;
		};
		518D0F2D1C8EE6810088E8EA /* Build configuration list for PBXNativeTarget "CoreDataInterruptionTests" */ = {
			isa = XCConfigurationList;
			buildConfigurations = (
				518D0F2E1C8EE6810088E8EA /* Debug */,
				518D0F2F1C8EE6810088E8EA /* Release */,
			);
			defaultConfigurationIsVisible = 0;
			defaultConfigurationName = Release;
		};
		518D0F301C8EE6810088E8EA /* Build configuration list for PBXNativeTarget "CoreDataInterruptionUITests" */ = {
			isa = XCConfigurationList;
			buildConfigurations = (
				518D0F311C8EE6810088E8EA /* Debug */,
				518D0F321C8EE6810088E8EA /* Release */,
			);
			defaultConfigurationIsVisible = 0;
			defaultConfigurationName = Release;
		};
/* End XCConfigurationList section */

/* Begin XCVersionGroup section */
		518D0F091C8EE6810088E8EA /* CoreDataInterruption.xcdatamodeld */ = {
			isa = XCVersionGroup;
			children = (
				518D0F0A1C8EE6810088E8EA /* CoreDataInterruption.xcdatamodel */,
			);
			currentVersion = 518D0F0A1C8EE6810088E8EA /* CoreDataInterruption.xcdatamodel */;
			name = CoreDataInterruption.xcdatamodeld;
			path = ../CoreDataInterruption.xcdatamodeld;
			sourceTree = "<group>";
			versionGroupType = wrapper.xcdatamodel;
		};
/* End XCVersionGroup section */
	};
	rootObject = 518D0EF21C8EE6810088E8EA /* Project object */;
}
